
Microsoft Visual Studio Solution File, Format Version 12.00
# Visual Studio Version 16
VisualStudioVersion = 16.0.36227.6
MinimumVisualStudioVersion = 10.0.40219.1
Project("{FAE04EC0-301F-11D3-BF4B-00C04F79EFBC}") = "ProductosPorCategoria", "ProductosPorCategoria\ProductosPorCategoria.csproj", "{9CBCB2F4-BBC0-4CD8-AAA2-F21CE885F939}"
EndProject
Global
	GlobalSection(SolutionConfigurationPlatforms) = preSolution
		Debug|Any CPU = Debug|Any CPU
		Release|Any CPU = Release|Any CPU
	EndGlobalSection
	GlobalSection(ProjectConfigurationPlatforms) = postSolution
		{9CBCB2F4-BBC0-4CD8-AAA2-F21CE885F939}.Debug|Any CPU.ActiveCfg = Debug|Any CPU
		{9CBCB2F4-BBC0-4CD8-AAA2-F21CE885F939}.Debug|Any CPU.Build.0 = Debug|Any CPU
		{9CBCB2F4-BBC0-4CD8-AAA2-F21CE885F939}.Release|Any CPU.ActiveCfg = Release|Any CPU
		{9CBCB2F4-BBC0-4CD8-AAA2-F21CE885F939}.Release|Any CPU.Build.0 = Release|Any CPU
	EndGlobalSection
	GlobalSection(SolutionProperties) = preSolution
		HideSolutionNode = FALSE
	EndGlobalSection
	GlobalSection(ExtensibilityGlobals) = postSolution
		SolutionGuid = {E2AE21B7-A94B-4D66-B3C2-D9358D95ADC2}
	EndGlobalSection
EndGlobal
